
Microsoft Visual Studio Solution File, Format Version 12.00
# Visual Studio Version 17
VisualStudioVersion = 17.2.32602.215
MinimumVisualStudioVersion = 10.0.40219.1
Project("{FAE04EC0-301F-11D3-BF4B-00C04F79EFBC}") = "Api", "Api\Api.csproj", "{B13D3CC1-796F-4074-968B-42EBC2AE8362}"
EndProject
Global
	GlobalSection(SolutionConfigurationPlatforms) = preSolution
		Debug|Any CPU = Debug|Any CPU
		Release|Any CPU = Release|Any CPU
	EndGlobalSection
	GlobalSection(ProjectConfigurationPlatforms) = postSolution
		{B13D3CC1-796F-4074-968B-42EBC2AE8362}.Debug|Any CPU.ActiveCfg = Debug|Any CPU
		{B13D3CC1-796F-4074-968B-42EBC2AE8362}.Debug|Any CPU.Build.0 = Debug|Any CPU
		{B13D3CC1-796F-4074-968B-42EBC2AE8362}.Release|Any CPU.ActiveCfg = Release|Any CPU
		{B13D3CC1-796F-4074-968B-42EBC2AE8362}.Release|Any CPU.Build.0 = Release|Any CPU
	EndGlobalSection
	GlobalSection(SolutionProperties) = preSolution
		HideSolutionNode = FALSE
	EndGlobalSection
	GlobalSection(ExtensibilityGlobals) = postSolution
		SolutionGuid = {398A316A-7BCE-42C0-9D99-14A6736D1AA2}
	EndGlobalSection
EndGlobal
